// !$*UTF8*$!
{
	archiveVersion = 1;
	classes = {
	};
	objectVersion = 56;
	objects = {

/* Begin PBXFileReference section */
		583861B12A666B970087AB67 /* LogoShot3.0 */ = {isa = PBXFileReference; lastKnownFileType = folder; name = LogoShot3.0; path = ../../../Documents/LogoShot3.0; sourceTree = "<group>"; };
/* End PBXFileReference section */

/* Begin PBXGroup section */
		583861AA2A666B6F0087AB67 = {
			isa = PBXGroup;
			children = (
				583861B12A666B970087AB67 /* LogoShot3.0 */,
			);
			sourceTree = "<group>";
		};
/* End PBXGroup section */

/* Begin PBXProject section */
		583861AB2A666B6F0087AB67 /* Project object */ = {
			isa = PBXProject;
			attributes = {
				BuildIndependentTargetsInParallel = 1;
				LastUpgradeCheck = 1430;
			};
			buildConfigurationList = 583861AE2A666B6F0087AB67 /* Build configuration list for PBXProject "test" */;
			compatibilityVersion = "Xcode 14.0";
			developmentRegion = en;
			hasScannedForEncodings = 0;
			knownRegions = (
				en,
				Base,
			);
			mainGroup = 583861AA2A666B6F0087AB67;
			projectDirPath = "";
			projectRoot = "";
			targets = (
			);
		};
/* End PBXProject section */

/* Begin XCBuildConfiguration section */
		583861AF2A666B6F0087AB67 /* Debug */ = {
			isa = XCBuildConfiguration;
			buildSettings = {
			};
			name = Debug;
		};
		583861B02A666B6F0087AB67 /* Release */ = {
			isa = XCBuildConfiguration;
			buildSettings = {
			};
			name = Release;
		};
/* End XCBuildConfiguration section */

/* Begin XCConfigurationList section */
		583861AE2A666B6F0087AB67 /* Build configuration list for PBXProject "test" */ = {
			isa = XCConfigurationList;
			buildConfigurations = (
				583861AF2A666B6F0087AB67 /* Debug */,
				583861B02A666B6F0087AB67 /* Release */,
			);
			defaultConfigurationIsVisible = 0;
			defaultConfigurationName = Release;
		};
/* End XCConfigurationList section */
	};
	rootObject = 583861AB2A666B6F0087AB67 /* Project object */;
}
